// !$*UTF8*$!
{
	archiveVersion = 1;
	classes = {
	};
	objectVersion = 48;
	objects = {

/* Begin PBXBuildFile section */
		9EAD0C59207BDCFA00EA422B /* AppDelegate.swift in Sources */ = {isa = PBXBuildFile; fileRef = 9EAD0C58207BDCFA00EA422B /* AppDelegate.swift */; };
		9EAD0C5E207BDCFA00EA422B /* Main.storyboard in Resources */ = {isa = PBXBuildFile; fileRef = 9EAD0C5C207BDCFA00EA422B /* Main.storyboard */; };
		9EAD0C60207BDCFA00EA422B /* Assets.xcassets in Resources */ = {isa = PBXBuildFile; fileRef = 9EAD0C5F207BDCFA00EA422B /* Assets.xcassets */; };
		9EAD0C63207BDCFA00EA422B /* LaunchScreen.storyboard in Resources */ = {isa = PBXBuildFile; fileRef = 9EAD0C61207BDCFA00EA422B /* LaunchScreen.storyboard */; };
		9EAD0C6E207BDCFB00EA422B /* Conversion_CalculatorTests.swift in Sources */ = {isa = PBXBuildFile; fileRef = 9EAD0C6D207BDCFB00EA422B /* Conversion_CalculatorTests.swift */; };
		9EAD0C79207BDCFB00EA422B /* Conversion_CalculatorUITests.swift in Sources */ = {isa = PBXBuildFile; fileRef = 9EAD0C78207BDCFB00EA422B /* Conversion_CalculatorUITests.swift */; };
		9EAD0C87207BDF7600EA422B /* ConverterViewController.swift in Sources */ = {isa = PBXBuildFile; fileRef = 9EAD0C86207BDF7600EA422B /* ConverterViewController.swift */; };
/* End PBXBuildFile section */

/* Begin PBXContainerItemProxy section */
		9EAD0C6A207BDCFA00EA422B /* PBXContainerItemProxy */ = {
			isa = PBXContainerItemProxy;
			containerPortal = 9EAD0C4D207BDCFA00EA422B /* Project object */;
			proxyType = 1;
			remoteGlobalIDString = 9EAD0C54207BDCFA00EA422B;
			remoteInfo = "Conversion Calculator";
		};
		9EAD0C75207BDCFB00EA422B /* PBXContainerItemProxy */ = {
			isa = PBXContainerItemProxy;
			containerPortal = 9EAD0C4D207BDCFA00EA422B /* Project object */;
			proxyType = 1;
			remoteGlobalIDString = 9EAD0C54207BDCFA00EA422B;
			remoteInfo = "Conversion Calculator";
		};
/* End PBXContainerItemProxy section */

/* Begin PBXFileReference section */
		9EAD0C55207BDCFA00EA422B /* Conversion Calculator.app */ = {isa = PBXFileReference; explicitFileType = wrapper.application; includeInIndex = 0; path = "Conversion Calculator.app"; sourceTree = BUILT_PRODUCTS_DIR; };
		9EAD0C58207BDCFA00EA422B /* AppDelegate.swift */ = {isa = PBXFileReference; lastKnownFileType = sourcecode.swift; path = AppDelegate.swift; sourceTree = "<group>"; };
		9EAD0C5D207BDCFA00EA422B /* Base */ = {isa = PBXFileReference; lastKnownFileType = file.storyboard; name = Base; path = Base.lproj/Main.storyboard; sourceTree = "<group>"; };
		9EAD0C5F207BDCFA00EA422B /* Assets.xcassets */ = {isa = PBXFileReference; lastKnownFileType = folder.assetcatalog; path = Assets.xcassets; sourceTree = "<group>"; };
		9EAD0C62207BDCFA00EA422B /* Base */ = {isa = PBXFileReference; lastKnownFileType = file.storyboard; name = Base; path = Base.lproj/LaunchScreen.storyboard; sourceTree = "<group>"; };
		9EAD0C64207BDCFA00EA422B /* Info.plist */ = {isa = PBXFileReference; lastKnownFileType = text.plist.xml; path = Info.plist; sourceTree = "<group>"; };
		9EAD0C69207BDCFA00EA422B /* Conversion CalculatorTests.xctest */ = {isa = PBXFileReference; explicitFileType = wrapper.cfbundle; includeInIndex = 0; path = "Conversion CalculatorTests.xctest"; sourceTree = BUILT_PRODUCTS_DIR; };
		9EAD0C6D207BDCFB00EA422B /* Conversion_CalculatorTests.swift */ = {isa = PBXFileReference; lastKnownFileType = sourcecode.swift; path = Conversion_CalculatorTests.swift; sourceTree = "<group>"; };
		9EAD0C6F207BDCFB00EA422B /* Info.plist */ = {isa = PBXFileReference; lastKnownFileType = text.plist.xml; path = Info.plist; sourceTree = "<group>"; };
		9EAD0C74207BDCFB00EA422B /* Conversion CalculatorUITests.xctest */ = {isa = PBXFileReference; explicitFileType = wrapper.cfbundle; includeInIndex = 0; path = "Conversion CalculatorUITests.xctest"; sourceTree = BUILT_PRODUCTS_DIR; };
		9EAD0C78207BDCFB00EA422B /* Conversion_CalculatorUITests.swift */ = {isa = PBXFileReference; lastKnownFileType = sourcecode.swift; path = Conversion_CalculatorUITests.swift; sourceTree = "<group>"; };
		9EAD0C7A207BDCFB00EA422B /* Info.plist */ = {isa = PBXFileReference; lastKnownFileType = text.plist.xml; path = Info.plist; sourceTree = "<group>"; };
		9EAD0C86207BDF7600EA422B /* ConverterViewController.swift */ = {isa = PBXFileReference; lastKnownFileType = sourcecode.swift; path = ConverterViewController.swift; sourceTree = "<group>"; };
/* End PBXFileReference section */

/* Begin PBXFrameworksBuildPhase section */
		9EAD0C52207BDCFA00EA422B /* Frameworks */ = {
			isa = PBXFrameworksBuildPhase;
			buildActionMask = 2147483647;
			files = (
			);
			runOnlyForDeploymentPostprocessing = 0;
		};
		9EAD0C66207BDCFA00EA422B /* Frameworks */ = {
			isa = PBXFrameworksBuildPhase;
			buildActionMask = 2147483647;
			files = (
			);
			runOnlyForDeploymentPostprocessing = 0;
		};
		9EAD0C71207BDCFB00EA422B /* Frameworks */ = {
			isa = PBXFrameworksBuildPhase;
			buildActionMask = 2147483647;
			files = (
			);
			runOnlyForDeploymentPostprocessing = 0;
		};
/* End PBXFrameworksBuildPhase section */

/* Begin PBXGroup section */
		9EAD0C4C207BDCFA00EA422B = {
			isa = PBXGroup;
			children = (
				9EAD0C57207BDCFA00EA422B /* Conversion Calculator */,
				9EAD0C6C207BDCFB00EA422B /* Conversion CalculatorTests */,
				9EAD0C77207BDCFB00EA422B /* Conversion CalculatorUITests */,
				9EAD0C56207BDCFA00EA422B /* Products */,
			);
			sourceTree = "<group>";
		};
		9EAD0C56207BDCFA00EA422B /* Products */ = {
			isa = PBXGroup;
			children = (
				9EAD0C55207BDCFA00EA422B /* Conversion Calculator.app */,
				9EAD0C69207BDCFA00EA422B /* Conversion CalculatorTests.xctest */,
				9EAD0C74207BDCFB00EA422B /* Conversion CalculatorUITests.xctest */,
			);
			name = Products;
			sourceTree = "<group>";
		};
		9EAD0C57207BDCFA00EA422B /* Conversion Calculator */ = {
			isa = PBXGroup;
			children = (
				9EAD0C58207BDCFA00EA422B /* AppDelegate.swift */,
				9EAD0C5C207BDCFA00EA422B /* Main.storyboard */,
				9EAD0C5F207BDCFA00EA422B /* Assets.xcassets */,
				9EAD0C61207BDCFA00EA422B /* LaunchScreen.storyboard */,
				9EAD0C64207BDCFA00EA422B /* Info.plist */,
				9EAD0C86207BDF7600EA422B /* ConverterViewController.swift */,
			);
			path = "Conversion Calculator";
			sourceTree = "<group>";
		};
		9EAD0C6C207BDCFB00EA422B /* Conversion CalculatorTests */ = {
			isa = PBXGroup;
			children = (
				9EAD0C6D207BDCFB00EA422B /* Conversion_CalculatorTests.swift */,
				9EAD0C6F207BDCFB00EA422B /* Info.plist */,
			);
			path = "Conversion CalculatorTests";
			sourceTree = "<group>";
		};
		9EAD0C77207BDCFB00EA422B /* Conversion CalculatorUITests */ = {
			isa = PBXGroup;
			children = (
				9EAD0C78207BDCFB00EA422B /* Conversion_CalculatorUITests.swift */,
				9EAD0C7A207BDCFB00EA422B /* Info.plist */,
			);
			path = "Conversion CalculatorUITests";
			sourceTree = "<group>";
		};
/* End PBXGroup section */

/* Begin PBXNativeTarget section */
		9EAD0C54207BDCFA00EA422B /* Conversion Calculator */ = {
			isa = PBXNativeTarget;
			buildConfigurationList = 9EAD0C7D207BDCFB00EA422B /* Build configuration list for PBXNativeTarget "Conversion Calculator" */;
			buildPhases = (
				9EAD0C51207BDCFA00EA422B /* Sources */,
				9EAD0C52207BDCFA00EA422B /* Frameworks */,
				9EAD0C53207BDCFA00EA422B /* Resources */,
			);
			buildRules = (
			);
			dependencies = (
			);
			name = "Conversion Calculator";
			productName = "Conversion Calculator";
			productReference = 9EAD0C55207BDCFA00EA422B /* Conversion Calculator.app */;
			productType = "com.apple.product-type.application";
		};
		9EAD0C68207BDCFA00EA422B /* Conversion CalculatorTests */ = {
			isa = PBXNativeTarget;
			buildConfigurationList = 9EAD0C80207BDCFB00EA422B /* Build configuration list for PBXNativeTarget "Conversion CalculatorTests" */;
			buildPhases = (
				9EAD0C65207BDCFA00EA422B /* Sources */,
				9EAD0C66207BDCFA00EA422B /* Frameworks */,
				9EAD0C67207BDCFA00EA422B /* Resources */,
			);
			buildRules = (
			);
			dependencies = (
				9EAD0C6B207BDCFA00EA422B /* PBXTargetDependency */,
			);
			name = "Conversion CalculatorTests";
			productName = "Conversion CalculatorTests";
			productReference = 9EAD0C69207BDCFA00EA422B /* Conversion CalculatorTests.xctest */;
			productType = "com.apple.product-type.bundle.unit-test";
		};
		9EAD0C73207BDCFB00EA422B /* Conversion CalculatorUITests */ = {
			isa = PBXNativeTarget;
			buildConfigurationList = 9EAD0C83207BDCFB00EA422B /* Build configuration list for PBXNativeTarget "Conversion CalculatorUITests" */;
			buildPhases = (
				9EAD0C70207BDCFB00EA422B /* Sources */,
				9EAD0C71207BDCFB00EA422B /* Frameworks */,
				9EAD0C72207BDCFB00EA422B /* Resources */,
			);
			buildRules = (
			);
			dependencies = (
				9EAD0C76207BDCFB00EA422B /* PBXTargetDependency */,
			);
			name = "Conversion CalculatorUITests";
			productName = "Conversion CalculatorUITests";
			productReference = 9EAD0C74207BDCFB00EA422B /* Conversion CalculatorUITests.xctest */;
			productType = "com.apple.product-type.bundle.ui-testing";
		};
/* End PBXNativeTarget section */

/* Begin PBXProject section */
		9EAD0C4D207BDCFA00EA422B /* Project object */ = {
			isa = PBXProject;
			attributes = {
				LastSwiftUpdateCheck = 0920;
				LastUpgradeCheck = 0930;
				ORGANIZATIONNAME = "Tech Innovator";
				TargetAttributes = {
					9EAD0C54207BDCFA00EA422B = {
						CreatedOnToolsVersion = 9.2;
						ProvisioningStyle = Automatic;
					};
					9EAD0C68207BDCFA00EA422B = {
						CreatedOnToolsVersion = 9.2;
						ProvisioningStyle = Automatic;
						TestTargetID = 9EAD0C54207BDCFA00EA422B;
					};
					9EAD0C73207BDCFB00EA422B = {
						CreatedOnToolsVersion = 9.2;
						ProvisioningStyle = Automatic;
						TestTargetID = 9EAD0C54207BDCFA00EA422B;
					};
				};
			};
			buildConfigurationList = 9EAD0C50207BDCFA00EA422B /* Build configuration list for PBXProject "Conversion Calculator" */;
			compatibilityVersion = "Xcode 8.0";
			developmentRegion = en;
			hasScannedForEncodings = 0;
			knownRegions = (
				en,
				Base,
			);
			mainGroup = 9EAD0C4C207BDCFA00EA422B;
			productRefGroup = 9EAD0C56207BDCFA00EA422B /* Products */;
			projectDirPath = "";
			projectRoot = "";
			targets = (
				9EAD0C54207BDCFA00EA422B /* Conversion Calculator */,
				9EAD0C68207BDCFA00EA422B /* Conversion CalculatorTests */,
				9EAD0C73207BDCFB00EA422B /* Conversion CalculatorUITests */,
			);
		};
/* End PBXProject section */

/* Begin PBXResourcesBuildPhase section */
		9EAD0C53207BDCFA00EA422B /* Resources */ = {
			isa = PBXResourcesBuildPhase;
			buildActionMask = 2147483647;
			files = (
				9EAD0C63207BDCFA00EA422B /* LaunchScreen.storyboard in Resources */,
				9EAD0C60207BDCFA00EA422B /* Assets.xcassets in Resources */,
				9EAD0C5E207BDCFA00EA422B /* Main.storyboard in Resources */,
			);
			runOnlyForDeploymentPostprocessing = 0;
		};
		9EAD0C67207BDCFA00EA422B /* Resources */ = {
			isa = PBXResourcesBuildPhase;
			buildActionMask = 2147483647;
			files = (
			);
			runOnlyForDeploymentPostprocessing = 0;
		};
		9EAD0C72207BDCFB00EA422B /* Resources */ = {
			isa = PBXResourcesBuildPhase;
			buildActionMask = 2147483647;
			files = (
			);
			runOnlyForDeploymentPostprocessing = 0;
		};
/* End PBXResourcesBuildPhase section */

/* Begin PBXSourcesBuildPhase section */
		9EAD0C51207BDCFA00EA422B /* Sources */ = {
			isa = PBXSourcesBuildPhase;
			buildActionMask = 2147483647;
			files = (
				9EAD0C59207BDCFA00EA422B /* AppDelegate.swift in Sources */,
				9EAD0C87207BDF7600EA422B /* ConverterViewController.swift in Sources */,
			);
			runOnlyForDeploymentPostprocessing = 0;
		};
		9EAD0C65207BDCFA00EA422B /* Sources */ = {
			isa = PBXSourcesBuildPhase;
			buildActionMask = 2147483647;
			files = (
				9EAD0C6E207BDCFB00EA422B /* Conversion_CalculatorTests.swift in Sources */,
			);
			runOnlyForDeploymentPostprocessing = 0;
		};
		9EAD0C70207BDCFB00EA422B /* Sources */ = {
			isa = PBXSourcesBuildPhase;
			buildActionMask = 2147483647;
			files = (
				9EAD0C79207BDCFB00EA422B /* Conversion_CalculatorUITests.swift in Sources */,
			);
			runOnlyForDeploymentPostprocessing = 0;
		};
/* End PBXSourcesBuildPhase section */

/* Begin PBXTargetDependency section */
		9EAD0C6B207BDCFA00EA422B /* PBXTargetDependency */ = {
			isa = PBXTargetDependency;
			target = 9EAD0C54207BDCFA00EA422B /* Conversion Calculator */;
			targetProxy = 9EAD0C6A207BDCFA00EA422B /* PBXContainerItemProxy */;
		};
		9EAD0C76207BDCFB00EA422B /* PBXTargetDependency */ = {
			isa = PBXTargetDependency;
			target = 9EAD0C54207BDCFA00EA422B /* Conversion Calculator */;
			targetProxy = 9EAD0C75207BDCFB00EA422B /* PBXContainerItemProxy */;
		};
/* End PBXTargetDependency section */

/* Begin PBXVariantGroup section */
		9EAD0C5C207BDCFA00EA422B /* Main.storyboard */ = {
			isa = PBXVariantGroup;
			children = (
				9EAD0C5D207BDCFA00EA422B /* Base */,
			);
			name = Main.storyboard;
			sourceTree = "<group>";
		};
		9EAD0C61207BDCFA00EA422B /* LaunchScreen.storyboard */ = {
			isa = PBXVariantGroup;
			children = (
				9EAD0C62207BDCFA00EA422B /* Base */,
			);
			name = LaunchScreen.storyboard;
			sourceTree = "<group>";
		};
/* End PBXVariantGroup section */

/* Begin XCBuildConfiguration section */
		9EAD0C7B207BDCFB00EA422B /* Debug */ = {
			isa = XCBuildConfiguration;
			buildSettings = {
				ALWAYS_SEARCH_USER_PATHS = NO;
				CLANG_ANALYZER_NONNULL = YES;
				CLANG_ANALYZER_NUMBER_OBJECT_CONVERSION = YES_AGGRESSIVE;
				CLANG_CXX_LANGUAGE_STANDARD = "gnu++14";
				CLANG_CXX_LIBRARY = "libc++";
				CLANG_ENABLE_MODULES = YES;
				CLANG_ENABLE_OBJC_ARC = YES;
				CLANG_WARN_BLOCK_CAPTURE_AUTORELEASING = YES;
				CLANG_WARN_BOOL_CONVERSION = YES;
				CLANG_WARN_COMMA = YES;
				CLANG_WARN_CONSTANT_CONVERSION = YES;
				CLANG_WARN_DEPRECATED_OBJC_IMPLEMENTATIONS = YES;
				CLANG_WARN_DIRECT_OBJC_ISA_USAGE = YES_ERROR;
				CLANG_WARN_DOCUMENTATION_COMMENTS = YES;
				CLANG_WARN_EMPTY_BODY = YES;
				CLANG_WARN_ENUM_CONVERSION = YES;
				CLANG_WARN_INFINITE_RECURSION = YES;
				CLANG_WARN_INT_CONVERSION = YES;
				CLANG_WARN_NON_LITERAL_NULL_CONVERSION = YES;
				CLANG_WARN_OBJC_IMPLICIT_RETAIN_SELF = YES;
				CLANG_WARN_OBJC_LITERAL_CONVERSION = YES;
				CLANG_WARN_OBJC_ROOT_CLASS = YES_ERROR;
				CLANG_WARN_RANGE_LOOP_ANALYSIS = YES;
				CLANG_WARN_STRICT_PROTOTYPES = YES;
				CLANG_WARN_SUSPICIOUS_MOVE = YES;
				CLANG_WARN_UNGUARDED_AVAILABILITY = YES_AGGRESSIVE;
				CLANG_WARN_UNREACHABLE_CODE = YES;
				CLANG_WARN__DUPLICATE_METHOD_MATCH = YES;
				CODE_SIGN_IDENTITY = "iPhone Developer";
				COPY_PHASE_STRIP = NO;
				DEBUG_INFORMATION_FORMAT = dwarf;
				ENABLE_STRICT_OBJC_MSGSEND = YES;
				ENABLE_TESTABILITY = YES;
				GCC_C_LANGUAGE_STANDARD = gnu11;
				GCC_DYNAMIC_NO_PIC = NO;
				GCC_NO_COMMON_BLOCKS = YES;
				GCC_OPTIMIZATION_LEVEL = 0;
				GCC_PREPROCESSOR_DEFINITIONS = (
					"DEBUG=1",
					"$(inherited)",
				);
				GCC_WARN_64_TO_32_BIT_CONVERSION = YES;
				GCC_WARN_ABOUT_RETURN_TYPE = YES_ERROR;
				GCC_WARN_UNDECLARED_SELECTOR = YES;
				GCC_WARN_UNINITIALIZED_AUTOS = YES_AGGRESSIVE;
				GCC_WARN_UNUSED_FUNCTION = YES;
				GCC_WARN_UNUSED_VARIABLE = YES;
				IPHONEOS_DEPLOYMENT_TARGET = 11.2;
				MTL_ENABLE_DEBUG_INFO = YES;
				ONLY_ACTIVE_ARCH = YES;
				SDKROOT = iphoneos;
				SWIFT_ACTIVE_COMPILATION_CONDITIONS = DEBUG;
				SWIFT_OPTIMIZATION_LEVEL = "-Onone";
			};
			name = Debug;
		};
		9EAD0C7C207BDCFB00EA422B /* Release */ = {
			isa = XCBuildConfiguration;
			buildSettings = {
				ALWAYS_SEARCH_USER_PATHS = NO;
				CLANG_ANALYZER_NONNULL = YES;
				CLANG_ANALYZER_NUMBER_OBJECT_CONVERSION = YES_AGGRESSIVE;
				CLANG_CXX_LANGUAGE_STANDARD = "gnu++14";
				CLANG_CXX_LIBRARY = "libc++";
				CLANG_ENABLE_MODULES = YES;
				CLANG_ENABLE_OBJC_ARC = YES;
				CLANG_WARN_BLOCK_CAPTURE_AUTORELEASING = YES;
				CLANG_WARN_BOOL_CONVERSION = YES;
				CLANG_WARN_COMMA = YES;
				CLANG_WARN_CONSTANT_CONVERSION = YES;
				CLANG_WARN_DEPRECATED_OBJC_IMPLEMENTATIONS = YES;
				CLANG_WARN_DIRECT_OBJC_ISA_USAGE = YES_ERROR;
				CLANG_WARN_DOCUMENTATION_COMMENTS = YES;
				CLANG_WARN_EMPTY_BODY = YES;
				CLANG_WARN_ENUM_CONVERSION = YES;
				CLANG_WARN_INFINITE_RECURSION = YES;
				CLANG_WARN_INT_CONVERSION = YES;
				CLANG_WARN_NON_LITERAL_NULL_CONVERSION = YES;
				CLANG_WARN_OBJC_IMPLICIT_RETAIN_SELF = YES;
				CLANG_WARN_OBJC_LITERAL_CONVERSION = YES;
				CLANG_WARN_OBJC_ROOT_CLASS = YES_ERROR;
				CLANG_WARN_RANGE_LOOP_ANALYSIS = YES;
				CLANG_WARN_STRICT_PROTOTYPES = YES;
				CLANG_WARN_SUSPICIOUS_MOVE = YES;
				CLANG_WARN_UNGUARDED_AVAILABILITY = YES_AGGRESSIVE;
				CLANG_WARN_UNREACHABLE_CODE = YES;
				CLANG_WARN__DUPLICATE_METHOD_MATCH = YES;
				CODE_SIGN_IDENTITY = "iPhone Developer";
				COPY_PHASE_STRIP = NO;
				DEBUG_INFORMATION_FORMAT = "dwarf-with-dsym";
				ENABLE_NS_ASSERTIONS = NO;
				ENABLE_STRICT_OBJC_MSGSEND = YES;
				GCC_C_LANGUAGE_STANDARD = gnu11;
				GCC_NO_COMMON_BLOCKS = YES;
				GCC_WARN_64_TO_32_BIT_CONVERSION = YES;
				GCC_WARN_ABOUT_RETURN_TYPE = YES_ERROR;
				GCC_WARN_UNDECLARED_SELECTOR = YES;
				GCC_WARN_UNINITIALIZED_AUTOS = YES_AGGRESSIVE;
				GCC_WARN_UNUSED_FUNCTION = YES;
				GCC_WARN_UNUSED_VARIABLE = YES;
				IPHONEOS_DEPLOYMENT_TARGET = 11.2;
				MTL_ENABLE_DEBUG_INFO = NO;
				SDKROOT = iphoneos;
				SWIFT_OPTIMIZATION_LEVEL = "-Owholemodule";
				VALIDATE_PRODUCT = YES;
			};
			name = Release;
		};
		9EAD0C7E207BDCFB00EA422B /* Debug */ = {
			isa = XCBuildConfiguration;
			buildSettings = {
				ASSETCATALOG_COMPILER_APPICON_NAME = AppIcon;
				CODE_SIGN_STYLE = Automatic;
				INFOPLIST_FILE = "Conversion Calculator/Info.plist";
				LD_RUNPATH_SEARCH_PATHS = "$(inherited) @executable_path/Frameworks";
				PRODUCT_BUNDLE_IDENTIFIER = "online.techinnovator.Conversion-Calculator";
				PRODUCT_NAME = "$(TARGET_NAME)";
				SWIFT_VERSION = 4.0;
				TARGETED_DEVICE_FAMILY = "1,2";
			};
			name = Debug;
		};
		9EAD0C7F207BDCFB00EA422B /* Release */ = {
			isa = XCBuildConfiguration;
			buildSettings = {
				ASSETCATALOG_COMPILER_APPICON_NAME = AppIcon;
				CODE_SIGN_STYLE = Automatic;
				INFOPLIST_FILE = "Conversion Calculator/Info.plist";
				LD_RUNPATH_SEARCH_PATHS = "$(inherited) @executable_path/Frameworks";
				PRODUCT_BUNDLE_IDENTIFIER = "online.techinnovator.Conversion-Calculator";
				PRODUCT_NAME = "$(TARGET_NAME)";
				SWIFT_VERSION = 4.0;
				TARGETED_DEVICE_FAMILY = "1,2";
			};
			name = Release;
		};
		9EAD0C81207BDCFB00EA422B /* Debug */ = {
			isa = XCBuildConfiguration;
			buildSettings = {
				ALWAYS_EMBED_SWIFT_STANDARD_LIBRARIES = YES;
				BUNDLE_LOADER = "$(TEST_HOST)";
				CODE_SIGN_STYLE = Automatic;
				INFOPLIST_FILE = "Conversion CalculatorTests/Info.plist";
				LD_RUNPATH_SEARCH_PATHS = "$(inherited) @executable_path/Frameworks @loader_path/Frameworks";
				PRODUCT_BUNDLE_IDENTIFIER = "online.techinnovator.Conversion-CalculatorTests";
				PRODUCT_NAME = "$(TARGET_NAME)";
				SWIFT_VERSION = 4.0;
				TARGETED_DEVICE_FAMILY = "1,2";
				TEST_HOST = "$(BUILT_PRODUCTS_DIR)/Conversion Calculator.app/Conversion Calculator";
			};
			name = Debug;
		};
		9EAD0C82207BDCFB00EA422B /* Release */ = {
			isa = XCBuildConfiguration;
			buildSettings = {
				ALWAYS_EMBED_SWIFT_STANDARD_LIBRARIES = YES;
				BUNDLE_LOADER = "$(TEST_HOST)";
				CODE_SIGN_STYLE = Automatic;
				INFOPLIST_FILE = "Conversion CalculatorTests/Info.plist";
				LD_RUNPATH_SEARCH_PATHS = "$(inherited) @executable_path/Frameworks @loader_path/Frameworks";
				PRODUCT_BUNDLE_IDENTIFIER = "online.techinnovator.Conversion-CalculatorTests";
				PRODUCT_NAME = "$(TARGET_NAME)";
				SWIFT_VERSION = 4.0;
				TARGETED_DEVICE_FAMILY = "1,2";
				TEST_HOST = "$(BUILT_PRODUCTS_DIR)/Conversion Calculator.app/Conversion Calculator";
			};
			name = Release;
		};
		9EAD0C84207BDCFB00EA422B /* Debug */ = {
			isa = XCBuildConfiguration;
			buildSettings = {
				ALWAYS_EMBED_SWIFT_STANDARD_LIBRARIES = YES;
				CODE_SIGN_STYLE = Automatic;
				INFOPLIST_FILE = "Conversion CalculatorUITests/Info.plist";
				LD_RUNPATH_SEARCH_PATHS = "$(inherited) @executable_path/Frameworks @loader_path/Frameworks";
				PRODUCT_BUNDLE_IDENTIFIER = "online.techinnovator.Conversion-CalculatorUITests";
				PRODUCT_NAME = "$(TARGET_NAME)";
				SWIFT_VERSION = 4.0;
				TARGETED_DEVICE_FAMILY = "1,2";
				TEST_TARGET_NAME = "Conversion Calculator";
			};
			name = Debug;
		};
		9EAD0C85207BDCFB00EA422B /* Release */ = {
			isa = XCBuildConfiguration;
			buildSettings = {
				ALWAYS_EMBED_SWIFT_STANDARD_LIBRARIES = YES;
				CODE_SIGN_STYLE = Automatic;
				INFOPLIST_FILE = "Conversion CalculatorUITests/Info.plist";
				LD_RUNPATH_SEARCH_PATHS = "$(inherited) @executable_path/Frameworks @loader_path/Frameworks";
				PRODUCT_BUNDLE_IDENTIFIER = "online.techinnovator.Conversion-CalculatorUITests";
				PRODUCT_NAME = "$(TARGET_NAME)";
				SWIFT_VERSION = 4.0;
				TARGETED_DEVICE_FAMILY = "1,2";
				TEST_TARGET_NAME = "Conversion Calculator";
			};
			name = Release;
		};
/* End XCBuildConfiguration section */

/* Begin XCConfigurationList section */
		9EAD0C50207BDCFA00EA422B /* Build configuration list for PBXProject "Conversion Calculator" */ = {
			isa = XCConfigurationList;
			buildConfigurations = (
				9EAD0C7B207BDCFB00EA422B /* Debug */,
				9EAD0C7C207BDCFB00EA422B /* Release */,
			);
			defaultConfigurationIsVisible = 0;
			defaultConfigurationName = Release;
		};
		9EAD0C7D207BDCFB00EA422B /* Build configuration list for PBXNativeTarget "Conversion Calculator" */ = {
			isa = XCConfigurationList;
			buildConfigurations = (
				9EAD0C7E207BDCFB00EA422B /* Debug */,
				9EAD0C7F207BDCFB00EA422B /* Release */,
			);
			defaultConfigurationIsVisible = 0;
			defaultConfigurationName = Release;
		};
		9EAD0C80207BDCFB00EA422B /* Build configuration list for PBXNativeTarget "Conversion CalculatorTests" */ = {
			isa = XCConfigurationList;
			buildConfigurations = (
				9EAD0C81207BDCFB00EA422B /* Debug */,
				9EAD0C82207BDCFB00EA422B /* Release */,
			);
			defaultConfigurationIsVisible = 0;
			defaultConfigurationName = Release;
		};
		9EAD0C83207BDCFB00EA422B /* Build configuration list for PBXNativeTarget "Conversion CalculatorUITests" */ = {
			isa = XCConfigurationList;
			buildConfigurations = (
				9EAD0C84207BDCFB00EA422B /* Debug */,
				9EAD0C85207BDCFB00EA422B /* Release */,
			);
			defaultConfigurationIsVisible = 0;
			defaultConfigurationName = Release;
		};
/* End XCConfigurationList section */
	};
	rootObject = 9EAD0C4D207BDCFA00EA422B /* Project object */;
}
